// !$*UTF8*$!
{
	archiveVersion = 1;
	classes = {
	};
	objectVersion = 48;
	objects = {

/* Begin PBXBuildFile section */
		6205FBD620BEC69000293488 /* Assets.xcassets in Resources */ = {isa = PBXBuildFile; fileRef = 6205FBD520BEC69000293488 /* Assets.xcassets */; };
		627D7208209AEE030058B822 /* AppDelegate.swift in Sources */ = {isa = PBXBuildFile; fileRef = 627D7207209AEE030058B822 /* AppDelegate.swift */; };
		627D720A209AEE030058B822 /* ViewController.swift in Sources */ = {isa = PBXBuildFile; fileRef = 627D7209209AEE030058B822 /* ViewController.swift */; };
		627D720D209AEE030058B822 /* ResourceConsumptionTool.xcdatamodeld in Sources */ = {isa = PBXBuildFile; fileRef = 627D720B209AEE030058B822 /* ResourceConsumptionTool.xcdatamodeld */; };
		627D7212209AEE030058B822 /* Main.storyboard in Resources */ = {isa = PBXBuildFile; fileRef = 627D7210209AEE030058B822 /* Main.storyboard */; };
		62FB5F7D21038C04007E5F4D /* CPU icon.png in Resources */ = {isa = PBXBuildFile; fileRef = 62FB5F7C21038C04007E5F4D /* CPU icon.png */; };
		AD1F93D7242F93990066B3F5 /* Compute.swift in Sources */ = {isa = PBXBuildFile; fileRef = AD1F93D6242F93990066B3F5 /* Compute.swift */; };
		AD1F93DB2430C1A80066B3F5 /* Sample.swift in Sources */ = {isa = PBXBuildFile; fileRef = AD1F93DA2430C1A80066B3F5 /* Sample.swift */; };
/* End PBXBuildFile section */

/* Begin PBXFileReference section */
		6205FBD520BEC69000293488 /* Assets.xcassets */ = {isa = PBXFileReference; lastKnownFileType = folder.assetcatalog; path = Assets.xcassets; sourceTree = "<group>"; };
		627D7204209AEE030058B822 /* ResourceConsumptionTool.app */ = {isa = PBXFileReference; explicitFileType = wrapper.application; includeInIndex = 0; path = ResourceConsumptionTool.app; sourceTree = BUILT_PRODUCTS_DIR; };
		627D7207209AEE030058B822 /* AppDelegate.swift */ = {isa = PBXFileReference; lastKnownFileType = sourcecode.swift; path = AppDelegate.swift; sourceTree = "<group>"; };
		627D7209209AEE030058B822 /* ViewController.swift */ = {isa = PBXFileReference; lastKnownFileType = sourcecode.swift; path = ViewController.swift; sourceTree = "<group>"; };
		627D720C209AEE030058B822 /* ResourceConsumptionTool.xcdatamodel */ = {isa = PBXFileReference; lastKnownFileType = wrapper.xcdatamodel; path = ResourceConsumptionTool.xcdatamodel; sourceTree = "<group>"; };
		627D7211209AEE030058B822 /* Base */ = {isa = PBXFileReference; lastKnownFileType = file.storyboard; name = Base; path = Base.lproj/Main.storyboard; sourceTree = "<group>"; };
		627D7213209AEE040058B822 /* Info.plist */ = {isa = PBXFileReference; lastKnownFileType = text.plist.xml; path = Info.plist; sourceTree = "<group>"; };
		627D7214209AEE040058B822 /* ResourceConsumptionTool.entitlements */ = {isa = PBXFileReference; lastKnownFileType = text.plist.entitlements; path = ResourceConsumptionTool.entitlements; sourceTree = "<group>"; };
		62FB5F7C21038C04007E5F4D /* CPU icon.png */ = {isa = PBXFileReference; lastKnownFileType = image.png; path = "CPU icon.png"; sourceTree = "<group>"; };
		AD1F93D6242F93990066B3F5 /* Compute.swift */ = {isa = PBXFileReference; lastKnownFileType = sourcecode.swift; path = Compute.swift; sourceTree = "<group>"; };
		AD1F93DA2430C1A80066B3F5 /* Sample.swift */ = {isa = PBXFileReference; lastKnownFileType = sourcecode.swift; path = Sample.swift; sourceTree = "<group>"; };
/* End PBXFileReference section */

/* Begin PBXFrameworksBuildPhase section */
		627D7201209AEE030058B822 /* Frameworks */ = {
			isa = PBXFrameworksBuildPhase;
			buildActionMask = 2147483647;
			files = (
			);
			runOnlyForDeploymentPostprocessing = 0;
		};
/* End PBXFrameworksBuildPhase section */

/* Begin PBXGroup section */
		627D71FB209AEE030058B822 = {
			isa = PBXGroup;
			children = (
				627D7206209AEE030058B822 /* ResourceConsumptionTool */,
				627D7205209AEE030058B822 /* Products */,
			);
			sourceTree = "<group>";
		};
		627D7205209AEE030058B822 /* Products */ = {
			isa = PBXGroup;
			children = (
				627D7204209AEE030058B822 /* ResourceConsumptionTool.app */,
			);
			name = Products;
			sourceTree = "<group>";
		};
		627D7206209AEE030058B822 /* ResourceConsumptionTool */ = {
			isa = PBXGroup;
			children = (
				627D7207209AEE030058B822 /* AppDelegate.swift */,
				ADF72FD42427B6CB00FB2444 /* Controller */,
				ADF72FD52427B6EC00FB2444 /* View */,
				6205FBD520BEC69000293488 /* Assets.xcassets */,
				627D7213209AEE040058B822 /* Info.plist */,
				62FB5F7C21038C04007E5F4D /* CPU icon.png */,
				627D7214209AEE040058B822 /* ResourceConsumptionTool.entitlements */,
				AD1F93D5242F93040066B3F5 /* Model */,
			);
			path = ResourceConsumptionTool;
			sourceTree = "<group>";
		};
		AD1F93D5242F93040066B3F5 /* Model */ = {
			isa = PBXGroup;
			children = (
				627D720B209AEE030058B822 /* ResourceConsumptionTool.xcdatamodeld */,
				AD1F93D6242F93990066B3F5 /* Compute.swift */,
				AD1F93DA2430C1A80066B3F5 /* Sample.swift */,
			);
			path = Model;
			sourceTree = "<group>";
		};
		ADF72FD42427B6CB00FB2444 /* Controller */ = {
			isa = PBXGroup;
			children = (
				627D7209209AEE030058B822 /* ViewController.swift */,
			);
			path = Controller;
			sourceTree = "<group>";
		};
		ADF72FD52427B6EC00FB2444 /* View */ = {
			isa = PBXGroup;
			children = (
				627D7210209AEE030058B822 /* Main.storyboard */,
			);
			path = View;
			sourceTree = "<group>";
		};
/* End PBXGroup section */

/* Begin PBXNativeTarget section */
		627D7203209AEE030058B822 /* ResourceConsumptionTool */ = {
			isa = PBXNativeTarget;
			buildConfigurationList = 627D7217209AEE040058B822 /* Build configuration list for PBXNativeTarget "ResourceConsumptionTool" */;
			buildPhases = (
				627D7200209AEE030058B822 /* Sources */,
				627D7201209AEE030058B822 /* Frameworks */,
				627D7202209AEE030058B822 /* Resources */,
			);
			buildRules = (
			);
			dependencies = (
			);
			name = ResourceConsumptionTool;
			productName = ResourceConsumptionTool;
			productReference = 627D7204209AEE030058B822 /* ResourceConsumptionTool.app */;
			productType = "com.apple.product-type.application";
		};
/* End PBXNativeTarget section */

/* Begin PBXProject section */
		627D71FC209AEE030058B822 /* Project object */ = {
			isa = PBXProject;
			attributes = {
				LastSwiftUpdateCheck = 0910;
				LastUpgradeCheck = 0910;
				ORGANIZATIONNAME = ResourceConsumptionTool;
				TargetAttributes = {
					627D7203209AEE030058B822 = {
						CreatedOnToolsVersion = 9.1;
						LastSwiftMigration = 1130;
						ProvisioningStyle = Manual;
					};
				};
			};
			buildConfigurationList = 627D71FF209AEE030058B822 /* Build configuration list for PBXProject "ResourceConsumptionTool" */;
			compatibilityVersion = "Xcode 8.0";
			developmentRegion = en;
			hasScannedForEncodings = 0;
			knownRegions = (
				en,
				Base,
			);
			mainGroup = 627D71FB209AEE030058B822;
			productRefGroup = 627D7205209AEE030058B822 /* Products */;
			projectDirPath = "";
			projectRoot = "";
			targets = (
				627D7203209AEE030058B822 /* ResourceConsumptionTool */,
			);
		};
/* End PBXProject section */

/* Begin PBXResourcesBuildPhase section */
		627D7202209AEE030058B822 /* Resources */ = {
			isa = PBXResourcesBuildPhase;
			buildActionMask = 2147483647;
			files = (
				6205FBD620BEC69000293488 /* Assets.xcassets in Resources */,
				62FB5F7D21038C04007E5F4D /* CPU icon.png in Resources */,
				627D7212209AEE030058B822 /* Main.storyboard in Resources */,
			);
			runOnlyForDeploymentPostprocessing = 0;
		};
/* End PBXResourcesBuildPhase section */

/* Begin PBXSourcesBuildPhase section */
		627D7200209AEE030058B822 /* Sources */ = {
			isa = PBXSourcesBuildPhase;
			buildActionMask = 2147483647;
			files = (
				AD1F93DB2430C1A80066B3F5 /* Sample.swift in Sources */,
				627D720D209AEE030058B822 /* ResourceConsumptionTool.xcdatamodeld in Sources */,
				AD1F93D7242F93990066B3F5 /* Compute.swift in Sources */,
				627D720A209AEE030058B822 /* ViewController.swift in Sources */,
				627D7208209AEE030058B822 /* AppDelegate.swift in Sources */,
			);
			runOnlyForDeploymentPostprocessing = 0;
		};
/* End PBXSourcesBuildPhase section */

/* Begin PBXVariantGroup section */
		627D7210209AEE030058B822 /* Main.storyboard */ = {
			isa = PBXVariantGroup;
			children = (
				627D7211209AEE030058B822 /* Base */,
			);
			name = Main.storyboard;
			sourceTree = "<group>";
		};
/* End PBXVariantGroup section */

/* Begin XCBuildConfiguration section */
		627D7215209AEE040058B822 /* Debug */ = {
			isa = XCBuildConfiguration;
			buildSettings = {
				ALWAYS_SEARCH_USER_PATHS = NO;
				CLANG_ANALYZER_NONNULL = YES;
				CLANG_ANALYZER_NUMBER_OBJECT_CONVERSION = YES_AGGRESSIVE;
				CLANG_CXX_LANGUAGE_STANDARD = "gnu++14";
				CLANG_CXX_LIBRARY = "libc++";
				CLANG_ENABLE_MODULES = YES;
				CLANG_ENABLE_OBJC_ARC = YES;
				CLANG_WARN_BLOCK_CAPTURE_AUTORELEASING = YES;
				CLANG_WARN_BOOL_CONVERSION = YES;
				CLANG_WARN_COMMA = YES;
				CLANG_WARN_CONSTANT_CONVERSION = YES;
				CLANG_WARN_DIRECT_OBJC_ISA_USAGE = YES_ERROR;
				CLANG_WARN_DOCUMENTATION_COMMENTS = YES;
				CLANG_WARN_EMPTY_BODY = YES;
				CLANG_WARN_ENUM_CONVERSION = YES;
				CLANG_WARN_INFINITE_RECURSION = YES;
				CLANG_WARN_INT_CONVERSION = YES;
				CLANG_WARN_NON_LITERAL_NULL_CONVERSION = YES;
				CLANG_WARN_OBJC_LITERAL_CONVERSION = YES;
				CLANG_WARN_OBJC_ROOT_CLASS = YES_ERROR;
				CLANG_WARN_RANGE_LOOP_ANALYSIS = YES;
				CLANG_WARN_STRICT_PROTOTYPES = YES;
				CLANG_WARN_SUSPICIOUS_MOVE = YES;
				CLANG_WARN_UNGUARDED_AVAILABILITY = YES_AGGRESSIVE;
				CLANG_WARN_UNREACHABLE_CODE = YES;
				CLANG_WARN__DUPLICATE_METHOD_MATCH = YES;
				CODE_SIGN_IDENTITY = "-";
				COPY_PHASE_STRIP = NO;
				DEBUG_INFORMATION_FORMAT = dwarf;
				ENABLE_STRICT_OBJC_MSGSEND = YES;
				ENABLE_TESTABILITY = YES;
				GCC_C_LANGUAGE_STANDARD = gnu11;
				GCC_DYNAMIC_NO_PIC = NO;
				GCC_NO_COMMON_BLOCKS = YES;
				GCC_OPTIMIZATION_LEVEL = 0;
				GCC_PREPROCESSOR_DEFINITIONS = (
					"DEBUG=1",
					"$(inherited)",
				);
				GCC_WARN_64_TO_32_BIT_CONVERSION = YES;
				GCC_WARN_ABOUT_RETURN_TYPE = YES_ERROR;
				GCC_WARN_UNDECLARED_SELECTOR = YES;
				GCC_WARN_UNINITIALIZED_AUTOS = YES_AGGRESSIVE;
				GCC_WARN_UNUSED_FUNCTION = YES;
				GCC_WARN_UNUSED_VARIABLE = YES;
				MACOSX_DEPLOYMENT_TARGET = 10.13;
				MTL_ENABLE_DEBUG_INFO = YES;
				ONLY_ACTIVE_ARCH = YES;
				SDKROOT = macosx;
				SWIFT_ACTIVE_COMPILATION_CONDITIONS = DEBUG;
				SWIFT_OPTIMIZATION_LEVEL = "-Onone";
			};
			name = Debug;
		};
		627D7216209AEE040058B822 /* Release */ = {
			isa = XCBuildConfiguration;
			buildSettings = {
				ALWAYS_SEARCH_USER_PATHS = NO;
				CLANG_ANALYZER_NONNULL = YES;
				CLANG_ANALYZER_NUMBER_OBJECT_CONVERSION = YES_AGGRESSIVE;
				CLANG_CXX_LANGUAGE_STANDARD = "gnu++14";
				CLANG_CXX_LIBRARY = "libc++";
				CLANG_ENABLE_MODULES = YES;
				CLANG_ENABLE_OBJC_ARC = YES;
				CLANG_WARN_BLOCK_CAPTURE_AUTORELEASING = YES;
				CLANG_WARN_BOOL_CONVERSION = YES;
				CLANG_WARN_COMMA = YES;
				CLANG_WARN_CONSTANT_CONVERSION = YES;
				CLANG_WARN_DIRECT_OBJC_ISA_USAGE = YES_ERROR;
				CLANG_WARN_DOCUMENTATION_COMMENTS = YES;
				CLANG_WARN_EMPTY_BODY = YES;
				CLANG_WARN_ENUM_CONVERSION = YES;
				CLANG_WARN_INFINITE_RECURSION = YES;
				CLANG_WARN_INT_CONVERSION = YES;
				CLANG_WARN_NON_LITERAL_NULL_CONVERSION = YES;
				CLANG_WARN_OBJC_LITERAL_CONVERSION = YES;
				CLANG_WARN_OBJC_ROOT_CLASS = YES_ERROR;
				CLANG_WARN_RANGE_LOOP_ANALYSIS = YES;
				CLANG_WARN_STRICT_PROTOTYPES = YES;
				CLANG_WARN_SUSPICIOUS_MOVE = YES;
				CLANG_WARN_UNGUARDED_AVAILABILITY = YES_AGGRESSIVE;
				CLANG_WARN_UNREACHABLE_CODE = YES;
				CLANG_WARN__DUPLICATE_METHOD_MATCH = YES;
				CODE_SIGN_IDENTITY = "-";
				COPY_PHASE_STRIP = NO;
				DEBUG_INFORMATION_FORMAT = "dwarf-with-dsym";
				ENABLE_NS_ASSERTIONS = NO;
				ENABLE_STRICT_OBJC_MSGSEND = YES;
				GCC_C_LANGUAGE_STANDARD = gnu11;
				GCC_NO_COMMON_BLOCKS = YES;
				GCC_WARN_64_TO_32_BIT_CONVERSION = YES;
				GCC_WARN_ABOUT_RETURN_TYPE = YES_ERROR;
				GCC_WARN_UNDECLARED_SELECTOR = YES;
				GCC_WARN_UNINITIALIZED_AUTOS = YES_AGGRESSIVE;
				GCC_WARN_UNUSED_FUNCTION = YES;
				GCC_WARN_UNUSED_VARIABLE = YES;
				MACOSX_DEPLOYMENT_TARGET = 10.13;
				MTL_ENABLE_DEBUG_INFO = NO;
				SDKROOT = macosx;
				SWIFT_OPTIMIZATION_LEVEL = "-Owholemodule";
			};
			name = Release;
		};
		627D7218209AEE040058B822 /* Debug */ = {
			isa = XCBuildConfiguration;
			buildSettings = {
				ASSETCATALOG_COMPILER_APPICON_NAME = icon;
				CODE_SIGN_ENTITLEMENTS = ResourceConsumptionTool/ResourceConsumptionTool.entitlements;
				CODE_SIGN_IDENTITY = "";
				CODE_SIGN_STYLE = Manual;
				COMBINE_HIDPI_IMAGES = YES;
				DEVELOPMENT_TEAM = "";
				INFOPLIST_FILE = ResourceConsumptionTool/Info.plist;
				LD_RUNPATH_SEARCH_PATHS = "$(inherited) @executable_path/../Frameworks";
				MACOSX_DEPLOYMENT_TARGET = 10.13;
				PRODUCT_BUNDLE_IDENTIFIER = com.suhas.ResourceConsumptionTool;
				PRODUCT_NAME = "$(TARGET_NAME)";
				PROVISIONING_PROFILE_SPECIFIER = "";
				SWIFT_VERSION = 5.0;
			};
			name = Debug;
		};
		627D7219209AEE040058B822 /* Release */ = {
			isa = XCBuildConfiguration;
			buildSettings = {
				ASSETCATALOG_COMPILER_APPICON_NAME = icon;
				CODE_SIGN_ENTITLEMENTS = ResourceConsumptionTool/ResourceConsumptionTool.entitlements;
				CODE_SIGN_IDENTITY = "";
				CODE_SIGN_STYLE = Manual;
				COMBINE_HIDPI_IMAGES = YES;
				DEVELOPMENT_TEAM = "";
				INFOPLIST_FILE = ResourceConsumptionTool/Info.plist;
				LD_RUNPATH_SEARCH_PATHS = "$(inherited) @executable_path/../Frameworks";
				MACOSX_DEPLOYMENT_TARGET = 10.13;
				PRODUCT_BUNDLE_IDENTIFIER = com.suhas.ResourceConsumptionTool;
				PRODUCT_NAME = "$(TARGET_NAME)";
				PROVISIONING_PROFILE_SPECIFIER = "";
				SWIFT_VERSION = 5.0;
			};
			name = Release;
		};
/* End XCBuildConfiguration section */

/* Begin XCConfigurationList section */
		627D71FF209AEE030058B822 /* Build configuration list for PBXProject "ResourceConsumptionTool" */ = {
			isa = XCConfigurationList;
			buildConfigurations = (
				627D7215209AEE040058B822 /* Debug */,
				627D7216209AEE040058B822 /* Release */,
			);
			defaultConfigurationIsVisible = 0;
			defaultConfigurationName = Release;
		};
		627D7217209AEE040058B822 /* Build configuration list for PBXNativeTarget "ResourceConsumptionTool" */ = {
			isa = XCConfigurationList;
			buildConfigurations = (
				627D7218209AEE040058B822 /* Debug */,
				627D7219209AEE040058B822 /* Release */,
			);
			defaultConfigurationIsVisible = 0;
			defaultConfigurationName = Release;
		};
/* End XCConfigurationList section */

/* Begin XCVersionGroup section */
		627D720B209AEE030058B822 /* ResourceConsumptionTool.xcdatamodeld */ = {
			isa = XCVersionGroup;
			children = (
				627D720C209AEE030058B822 /* ResourceConsumptionTool.xcdatamodel */,
			);
			currentVersion = 627D720C209AEE030058B822 /* ResourceConsumptionTool.xcdatamodel */;
			path = ResourceConsumptionTool.xcdatamodeld;
			sourceTree = "<group>";
			versionGroupType = wrapper.xcdatamodel;
		};
/* End XCVersionGroup section */
	};
	rootObject = 627D71FC209AEE030058B822 /* Project object */;
}
